{
  "name": "eslint-config-abbyy",
  "version": "1.0.1",
  "lockfileVersion": 1,
  "requires": true,
  "dependencies": {
    "@rushstack/eslint-patch": {
      "version": "1.1.1",
      "resolved": "https://registry.npmjs.org/@rushstack/eslint-patch/-/eslint-patch-1.1.1.tgz",
      "integrity": "sha512-BUyKJGdDWqvWC5GEhyOiUrGNi9iJUr4CU0O2WxJL6QJhHeeA/NVBalH+FeK0r/x/W0rPymXt5s78TDS7d6lCwg=="
    },
    "eslint-plugin-abbyy": {
      "version": "1.0.0",
      "resolved": "https://registry.npmjs.org/eslint-plugin-abbyy/-/eslint-plugin-abbyy-1.0.0.tgz",
      "integrity": "sha512-tCUYZUpiqrgYtx58WVcLosbdYRb4Bk6IvBGtToURCykAdlg03DAFB0sx2nw7LBrUCgNfwkL6MfTsFFEpYgeAdw==",
      "requires": {
        "requireindex": "^1.2.0"
      }
    },
    "requireindex": {
      "version": "1.2.0",
      "resolved": "https://registry.npmjs.org/requireindex/-/requireindex-1.2.0.tgz",
      "integrity": "sha512-L9jEkOi3ASd9PYit2cwRfyppc9NoABujTP8/5gFcbERmo5jUoAKovIC3fsF17pkTnGsrByysqX+Kxd2OTNI1ww=="
    }
  }
}
